{
  "name": "panel-chain",
  "version": "1.0.0",
  "lockfileVersion": 3,
  "requires": true,
  "packages": {
    "": {
      "name": "panel-chain",
      "version": "1.0.0",
      "license": "ISC",
      "dependencies": {
        "sass-extras": "^1.0.0"
      }
    },
    "node_modules/sass-extras": {
      "version": "1.0.0",
      "resolved": "https://registry.npmjs.org/sass-extras/-/sass-extras-1.0.0.tgz",
      "integrity": "sha512-K+QIWlPsSarRXTst6QRaScHvZ0BOBfp+G1F0+VvW8XLDNNc+hRZuRFIF6tWwFKVbTgLcvw8RKiW7xQqAYPkY9Q==",
      "engines": {
        "node": ">=8"
      },
      "funding": {
        "url": "https://github.com/sponsors/sindresorhus"
      }
    }
  }
}
